
Microsoft Visual Studio Solution File, Format Version 12.00
# Visual Studio 15
VisualStudioVersion = 15.0.28010.2019
MinimumVisualStudioVersion = 10.0.40219.1
Project("{FAE04EC0-301F-11D3-BF4B-00C04F79EFBC}") = "E2", "E2\E2.csproj", "{8B063E66-3E6E-4733-A5D5-0CC61475263F}"
EndProject
Project("{FAE04EC0-301F-11D3-BF4B-00C04F79EFBC}") = "E2Tests", "E2Tests\E2Tests.csproj", "{1FBF7DD5-6453-4051-A369-E1FC0E233987}"
EndProject
Global
	GlobalSection(SolutionConfigurationPlatforms) = preSolution
		Debug|Any CPU = Debug|Any CPU
		Release|Any CPU = Release|Any CPU
	EndGlobalSection
	GlobalSection(ProjectConfigurationPlatforms) = postSolution
		{8B063E66-3E6E-4733-A5D5-0CC61475263F}.Debug|Any CPU.ActiveCfg = Debug|Any CPU
		{8B063E66-3E6E-4733-A5D5-0CC61475263F}.Debug|Any CPU.Build.0 = Debug|Any CPU
		{8B063E66-3E6E-4733-A5D5-0CC61475263F}.Release|Any CPU.ActiveCfg = Release|Any CPU
		{8B063E66-3E6E-4733-A5D5-0CC61475263F}.Release|Any CPU.Build.0 = Release|Any CPU
		{1FBF7DD5-6453-4051-A369-E1FC0E233987}.Debug|Any CPU.ActiveCfg = Debug|Any CPU
		{1FBF7DD5-6453-4051-A369-E1FC0E233987}.Debug|Any CPU.Build.0 = Debug|Any CPU
		{1FBF7DD5-6453-4051-A369-E1FC0E233987}.Release|Any CPU.ActiveCfg = Release|Any CPU
		{1FBF7DD5-6453-4051-A369-E1FC0E233987}.Release|Any CPU.Build.0 = Release|Any CPU
	EndGlobalSection
	GlobalSection(SolutionProperties) = preSolution
		HideSolutionNode = FALSE
	EndGlobalSection
	GlobalSection(ExtensibilityGlobals) = postSolution
		SolutionGuid = {E292B6B9-A0A1-4B67-BA0D-0702D59A1AAF}
	EndGlobalSection
EndGlobal
