
Microsoft Visual Studio Solution File, Format Version 12.00
# Visual Studio 15
VisualStudioVersion = 15.0.28010.2019
MinimumVisualStudioVersion = 10.0.40219.1
Project("{FAE04EC0-301F-11D3-BF4B-00C04F79EFBC}") = "A8", "A8\A8.csproj", "{12404BDB-1282-4B8C-B9CE-F3114FEB05FA}"
EndProject
Project("{FAE04EC0-301F-11D3-BF4B-00C04F79EFBC}") = "A8Tests", "A8Tests\A8Tests.csproj", "{EE177D8A-4EF7-4E6D-A99A-FB811B110374}"
EndProject
Project("{FAE04EC0-301F-11D3-BF4B-00C04F79EFBC}") = "TestCommon", "..\Common\TestCommon\TestCommon.csproj", "{C39FF0C4-6960-42AD-8E2C-D2CAFE850A52}"
EndProject
Global
	GlobalSection(SolutionConfigurationPlatforms) = preSolution
		Debug|Any CPU = Debug|Any CPU
		Release|Any CPU = Release|Any CPU
	EndGlobalSection
	GlobalSection(ProjectConfigurationPlatforms) = postSolution
		{12404BDB-1282-4B8C-B9CE-F3114FEB05FA}.Debug|Any CPU.ActiveCfg = Debug|Any CPU
		{12404BDB-1282-4B8C-B9CE-F3114FEB05FA}.Debug|Any CPU.Build.0 = Debug|Any CPU
		{12404BDB-1282-4B8C-B9CE-F3114FEB05FA}.Release|Any CPU.ActiveCfg = Release|Any CPU
		{12404BDB-1282-4B8C-B9CE-F3114FEB05FA}.Release|Any CPU.Build.0 = Release|Any CPU
		{EE177D8A-4EF7-4E6D-A99A-FB811B110374}.Debug|Any CPU.ActiveCfg = Debug|Any CPU
		{EE177D8A-4EF7-4E6D-A99A-FB811B110374}.Debug|Any CPU.Build.0 = Debug|Any CPU
		{EE177D8A-4EF7-4E6D-A99A-FB811B110374}.Release|Any CPU.ActiveCfg = Release|Any CPU
		{EE177D8A-4EF7-4E6D-A99A-FB811B110374}.Release|Any CPU.Build.0 = Release|Any CPU
		{C39FF0C4-6960-42AD-8E2C-D2CAFE850A52}.Debug|Any CPU.ActiveCfg = Debug|Any CPU
		{C39FF0C4-6960-42AD-8E2C-D2CAFE850A52}.Debug|Any CPU.Build.0 = Debug|Any CPU
		{C39FF0C4-6960-42AD-8E2C-D2CAFE850A52}.Release|Any CPU.ActiveCfg = Release|Any CPU
		{C39FF0C4-6960-42AD-8E2C-D2CAFE850A52}.Release|Any CPU.Build.0 = Release|Any CPU
	EndGlobalSection
	GlobalSection(SolutionProperties) = preSolution
		HideSolutionNode = FALSE
	EndGlobalSection
	GlobalSection(ExtensibilityGlobals) = postSolution
		SolutionGuid = {BC5C425F-AF5F-4567-AC6E-7F88E9C01B82}
	EndGlobalSection
EndGlobal
